
Microsoft Visual Studio Solution File, Format Version 12.00
# Visual Studio 15
VisualStudioVersion = 15.0.28307.329
MinimumVisualStudioVersion = 10.0.40219.1
Project("{9A19103F-16F7-4668-BE54-9A1E7A4F7556}") = "GraphQLDemo.Application", "GraphQLDemo.Application\GraphQLDemo.Application.csproj", "{3C4D113A-C06D-41BA-8AEE-823BD03CEB9B}"
EndProject
Project("{FAE04EC0-301F-11D3-BF4B-00C04F79EFBC}") = "GraphQLDemo.Domain", "GraphQLDemo.Domain\GraphQLDemo.Domain.csproj", "{6CC243D0-1E26-46BB-8038-B3F1B68CA8F8}"
EndProject
Project("{FAE04EC0-301F-11D3-BF4B-00C04F79EFBC}") = "GraphQLDemo.Infrastructure", "GraphQLDemo.Infrastructure\GraphQLDemo.Infrastructure.csproj", "{FF8D80B1-0FE7-40F7-9FF3-BEEA9FC53FBB}"
EndProject
Project("{FAE04EC0-301F-11D3-BF4B-00C04F79EFBC}") = "GraphQLDemo.Tests", "GraphQLDemo.Tests\GraphQLDemo.Tests.csproj", "{F9919BA4-636D-40B0-9F7D-644E8AFD6929}"
EndProject
Project("{FAE04EC0-301F-11D3-BF4B-00C04F79EFBC}") = "GraphQLDemo.WebApi", "GraphQLDemo.WebApi\GraphQLDemo.WebApi.csproj", "{7551397C-DC87-4236-9749-F1436F12BFE0}"
EndProject
Global
	GlobalSection(SolutionConfigurationPlatforms) = preSolution
		Debug|Any CPU = Debug|Any CPU
		Release|Any CPU = Release|Any CPU
	EndGlobalSection
	GlobalSection(ProjectConfigurationPlatforms) = postSolution
		{3C4D113A-C06D-41BA-8AEE-823BD03CEB9B}.Debug|Any CPU.ActiveCfg = Debug|Any CPU
		{3C4D113A-C06D-41BA-8AEE-823BD03CEB9B}.Debug|Any CPU.Build.0 = Debug|Any CPU
		{3C4D113A-C06D-41BA-8AEE-823BD03CEB9B}.Release|Any CPU.ActiveCfg = Release|Any CPU
		{3C4D113A-C06D-41BA-8AEE-823BD03CEB9B}.Release|Any CPU.Build.0 = Release|Any CPU
		{6CC243D0-1E26-46BB-8038-B3F1B68CA8F8}.Debug|Any CPU.ActiveCfg = Debug|Any CPU
		{6CC243D0-1E26-46BB-8038-B3F1B68CA8F8}.Debug|Any CPU.Build.0 = Debug|Any CPU
		{6CC243D0-1E26-46BB-8038-B3F1B68CA8F8}.Release|Any CPU.ActiveCfg = Release|Any CPU
		{6CC243D0-1E26-46BB-8038-B3F1B68CA8F8}.Release|Any CPU.Build.0 = Release|Any CPU
		{FF8D80B1-0FE7-40F7-9FF3-BEEA9FC53FBB}.Debug|Any CPU.ActiveCfg = Debug|Any CPU
		{FF8D80B1-0FE7-40F7-9FF3-BEEA9FC53FBB}.Debug|Any CPU.Build.0 = Debug|Any CPU
		{FF8D80B1-0FE7-40F7-9FF3-BEEA9FC53FBB}.Release|Any CPU.ActiveCfg = Release|Any CPU
		{FF8D80B1-0FE7-40F7-9FF3-BEEA9FC53FBB}.Release|Any CPU.Build.0 = Release|Any CPU
		{F9919BA4-636D-40B0-9F7D-644E8AFD6929}.Debug|Any CPU.ActiveCfg = Debug|Any CPU
		{F9919BA4-636D-40B0-9F7D-644E8AFD6929}.Debug|Any CPU.Build.0 = Debug|Any CPU
		{F9919BA4-636D-40B0-9F7D-644E8AFD6929}.Release|Any CPU.ActiveCfg = Release|Any CPU
		{F9919BA4-636D-40B0-9F7D-644E8AFD6929}.Release|Any CPU.Build.0 = Release|Any CPU
		{7551397C-DC87-4236-9749-F1436F12BFE0}.Debug|Any CPU.ActiveCfg = Debug|Any CPU
		{7551397C-DC87-4236-9749-F1436F12BFE0}.Debug|Any CPU.Build.0 = Debug|Any CPU
		{7551397C-DC87-4236-9749-F1436F12BFE0}.Release|Any CPU.ActiveCfg = Release|Any CPU
		{7551397C-DC87-4236-9749-F1436F12BFE0}.Release|Any CPU.Build.0 = Release|Any CPU
	EndGlobalSection
	GlobalSection(SolutionProperties) = preSolution
		HideSolutionNode = FALSE
	EndGlobalSection
	GlobalSection(ExtensibilityGlobals) = postSolution
		SolutionGuid = {6DF3CED7-95CB-4AF9-9512-8A892F9BF64F}
	EndGlobalSection
EndGlobal
